
Microsoft Visual Studio Solution File, Format Version 12.00
# Visual Studio Version 16
VisualStudioVersion = 16.0.31911.196
MinimumVisualStudioVersion = 10.0.40219.1
Project("{FAE04EC0-301F-11D3-BF4B-00C04F79EFBC}") = "VatanseverlerAnaliz", "VatanseverlerAnaliz\VatanseverlerAnaliz.csproj", "{3A3A950C-1278-4021-89AD-90C1D812C70B}"
EndProject
Global
	GlobalSection(SolutionConfigurationPlatforms) = preSolution
		Debug|Any CPU = Debug|Any CPU
		Release|Any CPU = Release|Any CPU
	EndGlobalSection
	GlobalSection(ProjectConfigurationPlatforms) = postSolution
		{3A3A950C-1278-4021-89AD-90C1D812C70B}.Debug|Any CPU.ActiveCfg = Debug|Any CPU
		{3A3A950C-1278-4021-89AD-90C1D812C70B}.Debug|Any CPU.Build.0 = Debug|Any CPU
		{3A3A950C-1278-4021-89AD-90C1D812C70B}.Release|Any CPU.ActiveCfg = Release|Any CPU
		{3A3A950C-1278-4021-89AD-90C1D812C70B}.Release|Any CPU.Build.0 = Release|Any CPU
	EndGlobalSection
	GlobalSection(SolutionProperties) = preSolution
		HideSolutionNode = FALSE
	EndGlobalSection
	GlobalSection(ExtensibilityGlobals) = postSolution
		SolutionGuid = {A7107301-FD24-4222-A175-2E6674413F95}
	EndGlobalSection
EndGlobal
